
Microsoft Visual Studio Solution File, Format Version 12.00
# Visual Studio Version 17
VisualStudioVersion = 17.11.35312.102
MinimumVisualStudioVersion = 10.0.40219.1
Project("{FAE04EC0-301F-11D3-BF4B-00C04F79EFBC}") = "BPNN_Activity", "BPNN_Activity\BPNN_Activity.csproj", "{C3EC3297-B7AA-4B96-BC03-C26198C7670C}"
EndProject
Global
	GlobalSection(SolutionConfigurationPlatforms) = preSolution
		Debug|Any CPU = Debug|Any CPU
		Release|Any CPU = Release|Any CPU
	EndGlobalSection
	GlobalSection(ProjectConfigurationPlatforms) = postSolution
		{C3EC3297-B7AA-4B96-BC03-C26198C7670C}.Debug|Any CPU.ActiveCfg = Debug|Any CPU
		{C3EC3297-B7AA-4B96-BC03-C26198C7670C}.Debug|Any CPU.Build.0 = Debug|Any CPU
		{C3EC3297-B7AA-4B96-BC03-C26198C7670C}.Release|Any CPU.ActiveCfg = Release|Any CPU
		{C3EC3297-B7AA-4B96-BC03-C26198C7670C}.Release|Any CPU.Build.0 = Release|Any CPU
	EndGlobalSection
	GlobalSection(SolutionProperties) = preSolution
		HideSolutionNode = FALSE
	EndGlobalSection
	GlobalSection(ExtensibilityGlobals) = postSolution
		SolutionGuid = {F573E5E7-4601-48CB-90B9-773E96364E29}
	EndGlobalSection
EndGlobal
